
Microsoft Visual Studio Solution File, Format Version 12.00
# Visual Studio 15
VisualStudioVersion = 15.0.28307.572
MinimumVisualStudioVersion = 10.0.40219.1
Project("{FAE04EC0-301F-11D3-BF4B-00C04F79EFBC}") = "EndUserQuestionAnswer", "EndUserQuestionAnswer\EndUserQuestionAnswer.csproj", "{82FDCD9F-CE33-4563-8CA2-65A2E683EAD0}"
EndProject
Project("{FAE04EC0-301F-11D3-BF4B-00C04F79EFBC}") = "AllStateHomePolicy", "AllStateHomePolicy\AllStateHomePolicy.csproj", "{A081F822-CA08-4881-B26F-CA4FAE681DFE}"
EndProject
Project("{FAE04EC0-301F-11D3-BF4B-00C04F79EFBC}") = "AllStateHomeOwners", "AllStateHomeOwners\AllStateHomeOwners.csproj", "{EE6A70ED-4D8E-4394-AA8B-3E56E2D67B2D}"
EndProject
Global
	GlobalSection(SolutionConfigurationPlatforms) = preSolution
		Debug|Any CPU = Debug|Any CPU
		Release|Any CPU = Release|Any CPU
	EndGlobalSection
	GlobalSection(ProjectConfigurationPlatforms) = postSolution
		{82FDCD9F-CE33-4563-8CA2-65A2E683EAD0}.Debug|Any CPU.ActiveCfg = Debug|Any CPU
		{82FDCD9F-CE33-4563-8CA2-65A2E683EAD0}.Debug|Any CPU.Build.0 = Debug|Any CPU
		{82FDCD9F-CE33-4563-8CA2-65A2E683EAD0}.Release|Any CPU.ActiveCfg = Release|Any CPU
		{82FDCD9F-CE33-4563-8CA2-65A2E683EAD0}.Release|Any CPU.Build.0 = Release|Any CPU
		{A081F822-CA08-4881-B26F-CA4FAE681DFE}.Debug|Any CPU.ActiveCfg = Debug|Any CPU
		{A081F822-CA08-4881-B26F-CA4FAE681DFE}.Debug|Any CPU.Build.0 = Debug|Any CPU
		{A081F822-CA08-4881-B26F-CA4FAE681DFE}.Release|Any CPU.ActiveCfg = Release|Any CPU
		{A081F822-CA08-4881-B26F-CA4FAE681DFE}.Release|Any CPU.Build.0 = Release|Any CPU
		{EE6A70ED-4D8E-4394-AA8B-3E56E2D67B2D}.Debug|Any CPU.ActiveCfg = Debug|Any CPU
		{EE6A70ED-4D8E-4394-AA8B-3E56E2D67B2D}.Debug|Any CPU.Build.0 = Debug|Any CPU
		{EE6A70ED-4D8E-4394-AA8B-3E56E2D67B2D}.Release|Any CPU.ActiveCfg = Release|Any CPU
		{EE6A70ED-4D8E-4394-AA8B-3E56E2D67B2D}.Release|Any CPU.Build.0 = Release|Any CPU
	EndGlobalSection
	GlobalSection(SolutionProperties) = preSolution
		HideSolutionNode = FALSE
	EndGlobalSection
	GlobalSection(ExtensibilityGlobals) = postSolution
		SolutionGuid = {E9A3D632-1C55-4B79-9075-EBD88ED6A2C0}
	EndGlobalSection
EndGlobal
